
Microsoft Visual Studio Solution File, Format Version 12.00
# Visual Studio 15
VisualStudioVersion = 15.0.28307.902
MinimumVisualStudioVersion = 10.0.40219.1
Project("{FAE04EC0-301F-11D3-BF4B-00C04F79EFBC}") = "project2020", "project2020\project2020.csproj", "{E8112BB0-D024-4BE6-945E-E34909D08DF4}"
EndProject
Global
	GlobalSection(SolutionConfigurationPlatforms) = preSolution
		Debug|Any CPU = Debug|Any CPU
		Release|Any CPU = Release|Any CPU
	EndGlobalSection
	GlobalSection(ProjectConfigurationPlatforms) = postSolution
		{E8112BB0-D024-4BE6-945E-E34909D08DF4}.Debug|Any CPU.ActiveCfg = Debug|Any CPU
		{E8112BB0-D024-4BE6-945E-E34909D08DF4}.Debug|Any CPU.Build.0 = Debug|Any CPU
		{E8112BB0-D024-4BE6-945E-E34909D08DF4}.Release|Any CPU.ActiveCfg = Release|Any CPU
		{E8112BB0-D024-4BE6-945E-E34909D08DF4}.Release|Any CPU.Build.0 = Release|Any CPU
	EndGlobalSection
	GlobalSection(SolutionProperties) = preSolution
		HideSolutionNode = FALSE
	EndGlobalSection
	GlobalSection(ExtensibilityGlobals) = postSolution
		SolutionGuid = {5A2ED2F4-A1E3-4A0F-9FFE-AD0CD442C913}
	EndGlobalSection
EndGlobal
